schema: '2.0'
stages:
  ingest:
    cmd: uv run python -m history_graph
    deps:
    - path: data/seed/dois.txt
      hash: md5
      md5: 0ad99f4c55ec9af280bcc1245bdf414d
      size: 491
    - path: src/history_graph
      hash: md5
      md5: 324e0ed5a3fe9e6c5f9dac1d0c915a96.dir
      size: 32037
      nfiles: 8
    outs:
    - path: data/raw
      hash: md5
      md5: 0a31055867ff81dfee1eb1e85f59cdd1.dir
      size: 36109775
      nfiles: 4
  thread:
    cmd: uv run python -m history_graph.thread && uv run python -m 
      history_graph.report
    deps:
    - path: data/seed/computing_thread.yaml
      hash: md5
      md5: cf52d642cabecf21b5d018696cb44dee
      size: 8942
    - path: src/history_graph
      hash: md5
      md5: b9bf8706114459f5f801a191526be503.dir
      size: 74643
      nfiles: 14
    - path: src/history_graph/report.py
      hash: md5
      md5: cfeff9df7367aa82af7e0948a10230ab
      size: 10797
    outs:
    - path: data/thread
      hash: md5
      md5: b20bc2ed320c44baecf9fc827abf8eb5.dir
      size: 69552
      nfiles: 11
